
Microsoft Visual Studio Solution File, Format Version 12.00
# Visual Studio Version 17
VisualStudioVersion = 17.6.33815.320
MinimumVisualStudioVersion = 10.0.40219.1
Project("{FAE04EC0-301F-11D3-BF4B-00C04F79EFBC}") = "Word-WinForms", "Word-WinForms\Word-WinForms.csproj", "{53D1379A-DAA5-4A93-BC11-C3D094712BDE}"
EndProject
Global
	GlobalSection(SolutionConfigurationPlatforms) = preSolution
		Debug|Any CPU = Debug|Any CPU
		Release|Any CPU = Release|Any CPU
	EndGlobalSection
	GlobalSection(ProjectConfigurationPlatforms) = postSolution
		{53D1379A-DAA5-4A93-BC11-C3D094712BDE}.Debug|Any CPU.ActiveCfg = Debug|Any CPU
		{53D1379A-DAA5-4A93-BC11-C3D094712BDE}.Debug|Any CPU.Build.0 = Debug|Any CPU
		{53D1379A-DAA5-4A93-BC11-C3D094712BDE}.Release|Any CPU.ActiveCfg = Release|Any CPU
		{53D1379A-DAA5-4A93-BC11-C3D094712BDE}.Release|Any CPU.Build.0 = Release|Any CPU
	EndGlobalSection
	GlobalSection(SolutionProperties) = preSolution
		HideSolutionNode = FALSE
	EndGlobalSection
	GlobalSection(ExtensibilityGlobals) = postSolution
		SolutionGuid = {64EC2DF4-3FE7-471C-9674-0BA9718A54BC}
	EndGlobalSection
EndGlobal
